
Microsoft Visual Studio Solution File, Format Version 12.00
# Visual Studio Version 17
VisualStudioVersion = 17.5.002.0
MinimumVisualStudioVersion = 10.0.40219.1
Project("{9A19103F-16F7-4668-BE54-9A1E7A4F7556}") = "SignPC", "SignPC.csproj", "{DACF4F42-3E0F-4DB5-A671-15790CBD27B8}"
EndProject
Global
	GlobalSection(SolutionConfigurationPlatforms) = preSolution
		Debug|Any CPU = Debug|Any CPU
		Release|Any CPU = Release|Any CPU
	EndGlobalSection
	GlobalSection(ProjectConfigurationPlatforms) = postSolution
		{DACF4F42-3E0F-4DB5-A671-15790CBD27B8}.Debug|Any CPU.ActiveCfg = Debug|Any CPU
		{DACF4F42-3E0F-4DB5-A671-15790CBD27B8}.Debug|Any CPU.Build.0 = Debug|Any CPU
		{DACF4F42-3E0F-4DB5-A671-15790CBD27B8}.Release|Any CPU.ActiveCfg = Release|Any CPU
		{DACF4F42-3E0F-4DB5-A671-15790CBD27B8}.Release|Any CPU.Build.0 = Release|Any CPU
	EndGlobalSection
	GlobalSection(SolutionProperties) = preSolution
		HideSolutionNode = FALSE
	EndGlobalSection
	GlobalSection(ExtensibilityGlobals) = postSolution
		SolutionGuid = {D6B3D983-DD3C-4B42-A466-A1F32BF7A9CD}
	EndGlobalSection
EndGlobal
